
Microsoft Visual Studio Solution File, Format Version 12.00
# Visual Studio Version 17
VisualStudioVersion = 17.1.32328.378
MinimumVisualStudioVersion = 10.0.40219.1
Project("{9A19103F-16F7-4668-BE54-9A1E7A4F7556}") = "StockS.Logic", "StockS.Logick\StockS.Logic.csproj", "{726459AB-8E87-4167-AD14-5FB05C4789C3}"
EndProject
Project("{9A19103F-16F7-4668-BE54-9A1E7A4F7556}") = "StockS.API", "WinFormsApp1\StockS.API.csproj", "{847D94AB-24A5-4782-9061-47BF87952414}"
EndProject
Project("{2150E333-8FDC-42A3-9474-1A3956D46DE8}") = "Solution Items", "Solution Items", "{FC8E19FB-BDD7-4858-A2CD-E4C05557F0D6}"
	ProjectSection(SolutionItems) = preProject
		README.md = README.md
	EndProjectSection
EndProject
Project("{9A19103F-16F7-4668-BE54-9A1E7A4F7556}") = "StocskS.DBTranslate", "StocskS.DBTranslate\StocskS.DBTranslate.csproj", "{D7C86F98-5656-476B-9108-01C4D121A043}"
EndProject
Project("{FAE04EC0-301F-11D3-BF4B-00C04F79EFBC}") = "Stocks.UI", "Stocks.UI\Stocks.UI.csproj", "{3CE2DD1F-7098-4B0A-B16C-C6F720F10E2C}"
EndProject
Global
	GlobalSection(SolutionConfigurationPlatforms) = preSolution
		Debug|Any CPU = Debug|Any CPU
		Release|Any CPU = Release|Any CPU
	EndGlobalSection
	GlobalSection(ProjectConfigurationPlatforms) = postSolution
		{726459AB-8E87-4167-AD14-5FB05C4789C3}.Debug|Any CPU.ActiveCfg = Debug|Any CPU
		{726459AB-8E87-4167-AD14-5FB05C4789C3}.Debug|Any CPU.Build.0 = Debug|Any CPU
		{726459AB-8E87-4167-AD14-5FB05C4789C3}.Release|Any CPU.ActiveCfg = Release|Any CPU
		{726459AB-8E87-4167-AD14-5FB05C4789C3}.Release|Any CPU.Build.0 = Release|Any CPU
		{847D94AB-24A5-4782-9061-47BF87952414}.Debug|Any CPU.ActiveCfg = Debug|Any CPU
		{847D94AB-24A5-4782-9061-47BF87952414}.Debug|Any CPU.Build.0 = Debug|Any CPU
		{847D94AB-24A5-4782-9061-47BF87952414}.Release|Any CPU.ActiveCfg = Release|Any CPU
		{847D94AB-24A5-4782-9061-47BF87952414}.Release|Any CPU.Build.0 = Release|Any CPU
		{D7C86F98-5656-476B-9108-01C4D121A043}.Debug|Any CPU.ActiveCfg = Debug|Any CPU
		{D7C86F98-5656-476B-9108-01C4D121A043}.Debug|Any CPU.Build.0 = Debug|Any CPU
		{D7C86F98-5656-476B-9108-01C4D121A043}.Release|Any CPU.ActiveCfg = Release|Any CPU
		{D7C86F98-5656-476B-9108-01C4D121A043}.Release|Any CPU.Build.0 = Release|Any CPU
		{3CE2DD1F-7098-4B0A-B16C-C6F720F10E2C}.Debug|Any CPU.ActiveCfg = Debug|Any CPU
		{3CE2DD1F-7098-4B0A-B16C-C6F720F10E2C}.Debug|Any CPU.Build.0 = Debug|Any CPU
		{3CE2DD1F-7098-4B0A-B16C-C6F720F10E2C}.Release|Any CPU.ActiveCfg = Release|Any CPU
		{3CE2DD1F-7098-4B0A-B16C-C6F720F10E2C}.Release|Any CPU.Build.0 = Release|Any CPU
	EndGlobalSection
	GlobalSection(SolutionProperties) = preSolution
		HideSolutionNode = FALSE
	EndGlobalSection
	GlobalSection(ExtensibilityGlobals) = postSolution
		SolutionGuid = {09A92302-2884-451D-B6BD-791CE03D7353}
	EndGlobalSection
EndGlobal
